
Microsoft Visual Studio Solution File, Format Version 12.00
# Visual Studio Version 17
VisualStudioVersion = 17.5.33209.295
MinimumVisualStudioVersion = 10.0.40219.1
Project("{FAE04EC0-301F-11D3-BF4B-00C04F79EFBC}") = "ExpenseTracker", "ExpenseTracker\ExpenseTracker.csproj", "{04252898-0958-48E7-87FF-D98D72FBAE2F}"
EndProject
Global
	GlobalSection(SolutionConfigurationPlatforms) = preSolution
		Debug|Any CPU = Debug|Any CPU
		Release|Any CPU = Release|Any CPU
	EndGlobalSection
	GlobalSection(ProjectConfigurationPlatforms) = postSolution
		{04252898-0958-48E7-87FF-D98D72FBAE2F}.Debug|Any CPU.ActiveCfg = Debug|Any CPU
		{04252898-0958-48E7-87FF-D98D72FBAE2F}.Debug|Any CPU.Build.0 = Debug|Any CPU
		{04252898-0958-48E7-87FF-D98D72FBAE2F}.Release|Any CPU.ActiveCfg = Release|Any CPU
		{04252898-0958-48E7-87FF-D98D72FBAE2F}.Release|Any CPU.Build.0 = Release|Any CPU
	EndGlobalSection
	GlobalSection(SolutionProperties) = preSolution
		HideSolutionNode = FALSE
	EndGlobalSection
	GlobalSection(ExtensibilityGlobals) = postSolution
		SolutionGuid = {A9CE8D9B-FE73-4820-8BF0-10CD3464D9EB}
	EndGlobalSection
EndGlobal
